# This file is automatically @generated by Cargo.
# It is not intended for manual editing.
[[package]]
name = "rivermesh"
version = "0.1.0"
dependencies = [
 "tobj 0.1.10 (registry+https://github.com/rust-lang/crates.io-index)",
]

[[package]]
name = "tobj"
version = "0.1.10"
source = "registry+https://github.com/rust-lang/crates.io-index"

[metadata]
"checksum tobj 0.1.10 (registry+https://github.com/rust-lang/crates.io-index)" = "a3608198b5c2a119a5f05ae5d58a4b0f77ec5687a698efe574d95939605993cd"
